// !$*UTF8*$!
{
	archiveVersion = 1;
	classes = {
	};
	objectVersion = 50;
	objects = {

/* Begin PBXBuildFile section */
		3C6B4B9266B419D3314C653B /* Pods_TTDemo.framework in Frameworks */ = {isa = PBXBuildFile; fileRef = 3E082AFE980AF96B9BE280B3 /* Pods_TTDemo.framework */; };
		F743CF1A2150D94A0020504A /* AppDelegate.swift in Sources */ = {isa = PBXBuildFile; fileRef = F743CF192150D94A0020504A /* AppDelegate.swift */; };
		F743CF212150D94B0020504A /* Assets.xcassets in Resources */ = {isa = PBXBuildFile; fileRef = F743CF202150D94B0020504A /* Assets.xcassets */; };
		F75A15802151EEBF00B7B34A /* XHHomeViewController.swift in Sources */ = {isa = PBXBuildFile; fileRef = F75A157F2151EEBF00B7B34A /* XHHomeViewController.swift */; };
		F75A15822151EED400B7B34A /* XHVideoViewController.swift in Sources */ = {isa = PBXBuildFile; fileRef = F75A15812151EED400B7B34A /* XHVideoViewController.swift */; };
		F75A15842151EF1800B7B34A /* XHWeitoutiaoViewController.swift in Sources */ = {isa = PBXBuildFile; fileRef = F75A15832151EF1800B7B34A /* XHWeitoutiaoViewController.swift */; };
		F75A15862151EF3200B7B34A /* XHHuoshanViewController.swift in Sources */ = {isa = PBXBuildFile; fileRef = F75A15852151EF3200B7B34A /* XHHuoshanViewController.swift */; };
		F75A15882151EFDF00B7B34A /* XHTabBarController.swift in Sources */ = {isa = PBXBuildFile; fileRef = F75A15872151EFDF00B7B34A /* XHTabBarController.swift */; };
		F75A158A2151F00B00B7B34A /* XHNavigationController.swift in Sources */ = {isa = PBXBuildFile; fileRef = F75A15892151F00B00B7B34A /* XHNavigationController.swift */; };
		F75A158C2151F7C900B7B34A /* Const.swift in Sources */ = {isa = PBXBuildFile; fileRef = F75A158B2151F7C900B7B34A /* Const.swift */; };
		F75A158F2152176700B7B34A /* XHProfileViewController.swift in Sources */ = {isa = PBXBuildFile; fileRef = F75A158D2152176700B7B34A /* XHProfileViewController.swift */; };
		F75A15922152285E00B7B34A /* XHNoLoginHeaderView.swift in Sources */ = {isa = PBXBuildFile; fileRef = F75A15912152285E00B7B34A /* XHNoLoginHeaderView.swift */; };
		F75A15942152286A00B7B34A /* XHNoLoginHeaderView.xib in Resources */ = {isa = PBXBuildFile; fileRef = F75A15932152286A00B7B34A /* XHNoLoginHeaderView.xib */; };
		F75A1597215231F500B7B34A /* UIView+Extension.swift in Sources */ = {isa = PBXBuildFile; fileRef = F75A1596215231F500B7B34A /* UIView+Extension.swift */; };
		F75A15992153663300B7B34A /* XHProfileModel.swift in Sources */ = {isa = PBXBuildFile; fileRef = F75A15982153663300B7B34A /* XHProfileModel.swift */; };
		F75A159C21536B8300B7B34A /* XHNetworkTools.swift in Sources */ = {isa = PBXBuildFile; fileRef = F75A159B21536B8300B7B34A /* XHNetworkTools.swift */; };
		F75A159E21536DB600B7B34A /* XHProfileViewModel.swift in Sources */ = {isa = PBXBuildFile; fileRef = F75A159D21536DB600B7B34A /* XHProfileViewModel.swift */; };
		F75A15C1215490AB00B7B34A /* XHProfileCell.swift in Sources */ = {isa = PBXBuildFile; fileRef = F75A15BF215490AB00B7B34A /* XHProfileCell.swift */; };
		F75A15C2215490AB00B7B34A /* XHProfileCell.xib in Resources */ = {isa = PBXBuildFile; fileRef = F75A15C0215490AB00B7B34A /* XHProfileCell.xib */; };
		F75A15C42154952B00B7B34A /* UIColor+Extension.swift in Sources */ = {isa = PBXBuildFile; fileRef = F75A15C32154952B00B7B34A /* UIColor+Extension.swift */; };
/* End PBXBuildFile section */

/* Begin PBXFileReference section */
		2E9D2703B958B1D5377EF6CE /* Pods-TTDemo.debug.xcconfig */ = {isa = PBXFileReference; includeInIndex = 1; lastKnownFileType = text.xcconfig; name = "Pods-TTDemo.debug.xcconfig"; path = "Pods/Target Support Files/Pods-TTDemo/Pods-TTDemo.debug.xcconfig"; sourceTree = "<group>"; };
		3E082AFE980AF96B9BE280B3 /* Pods_TTDemo.framework */ = {isa = PBXFileReference; explicitFileType = wrapper.framework; includeInIndex = 0; path = Pods_TTDemo.framework; sourceTree = BUILT_PRODUCTS_DIR; };
		B94D7687D3B2D02231C37B00 /* Pods-TTDemo.release.xcconfig */ = {isa = PBXFileReference; includeInIndex = 1; lastKnownFileType = text.xcconfig; name = "Pods-TTDemo.release.xcconfig"; path = "Pods/Target Support Files/Pods-TTDemo/Pods-TTDemo.release.xcconfig"; sourceTree = "<group>"; };
		F743CF162150D94A0020504A /* TTDemo.app */ = {isa = PBXFileReference; explicitFileType = wrapper.application; includeInIndex = 0; path = TTDemo.app; sourceTree = BUILT_PRODUCTS_DIR; };
		F743CF192150D94A0020504A /* AppDelegate.swift */ = {isa = PBXFileReference; lastKnownFileType = sourcecode.swift; path = AppDelegate.swift; sourceTree = "<group>"; };
		F743CF202150D94B0020504A /* Assets.xcassets */ = {isa = PBXFileReference; lastKnownFileType = folder.assetcatalog; path = Assets.xcassets; sourceTree = "<group>"; };
		F743CF252150D94B0020504A /* Info.plist */ = {isa = PBXFileReference; lastKnownFileType = text.plist.xml; path = Info.plist; sourceTree = "<group>"; };
		F75A157F2151EEBF00B7B34A /* XHHomeViewController.swift */ = {isa = PBXFileReference; lastKnownFileType = sourcecode.swift; path = XHHomeViewController.swift; sourceTree = "<group>"; };
		F75A15812151EED400B7B34A /* XHVideoViewController.swift */ = {isa = PBXFileReference; lastKnownFileType = sourcecode.swift; path = XHVideoViewController.swift; sourceTree = "<group>"; };
		F75A15832151EF1800B7B34A /* XHWeitoutiaoViewController.swift */ = {isa = PBXFileReference; lastKnownFileType = sourcecode.swift; path = XHWeitoutiaoViewController.swift; sourceTree = "<group>"; };
		F75A15852151EF3200B7B34A /* XHHuoshanViewController.swift */ = {isa = PBXFileReference; lastKnownFileType = sourcecode.swift; path = XHHuoshanViewController.swift; sourceTree = "<group>"; };
		F75A15872151EFDF00B7B34A /* XHTabBarController.swift */ = {isa = PBXFileReference; lastKnownFileType = sourcecode.swift; path = XHTabBarController.swift; sourceTree = "<group>"; };
		F75A15892151F00B00B7B34A /* XHNavigationController.swift */ = {isa = PBXFileReference; lastKnownFileType = sourcecode.swift; path = XHNavigationController.swift; sourceTree = "<group>"; };
		F75A158B2151F7C900B7B34A /* Const.swift */ = {isa = PBXFileReference; lastKnownFileType = sourcecode.swift; path = Const.swift; sourceTree = "<group>"; };
		F75A158D2152176700B7B34A /* XHProfileViewController.swift */ = {isa = PBXFileReference; lastKnownFileType = sourcecode.swift; path = XHProfileViewController.swift; sourceTree = "<group>"; };
		F75A15912152285E00B7B34A /* XHNoLoginHeaderView.swift */ = {isa = PBXFileReference; lastKnownFileType = sourcecode.swift; path = XHNoLoginHeaderView.swift; sourceTree = "<group>"; };
		F75A15932152286A00B7B34A /* XHNoLoginHeaderView.xib */ = {isa = PBXFileReference; lastKnownFileType = file.xib; path = XHNoLoginHeaderView.xib; sourceTree = "<group>"; };
		F75A1596215231F500B7B34A /* UIView+Extension.swift */ = {isa = PBXFileReference; lastKnownFileType = sourcecode.swift; path = "UIView+Extension.swift"; sourceTree = "<group>"; };
		F75A15982153663300B7B34A /* XHProfileModel.swift */ = {isa = PBXFileReference; lastKnownFileType = sourcecode.swift; path = XHProfileModel.swift; sourceTree = "<group>"; };
		F75A159B21536B8300B7B34A /* XHNetworkTools.swift */ = {isa = PBXFileReference; lastKnownFileType = sourcecode.swift; path = XHNetworkTools.swift; sourceTree = "<group>"; };
		F75A159D21536DB600B7B34A /* XHProfileViewModel.swift */ = {isa = PBXFileReference; lastKnownFileType = sourcecode.swift; path = XHProfileViewModel.swift; sourceTree = "<group>"; };
		F75A15BF215490AB00B7B34A /* XHProfileCell.swift */ = {isa = PBXFileReference; lastKnownFileType = sourcecode.swift; path = XHProfileCell.swift; sourceTree = "<group>"; };
		F75A15C0215490AB00B7B34A /* XHProfileCell.xib */ = {isa = PBXFileReference; lastKnownFileType = file.xib; path = XHProfileCell.xib; sourceTree = "<group>"; };
		F75A15C32154952B00B7B34A /* UIColor+Extension.swift */ = {isa = PBXFileReference; lastKnownFileType = sourcecode.swift; path = "UIColor+Extension.swift"; sourceTree = "<group>"; };
/* End PBXFileReference section */

/* Begin PBXFrameworksBuildPhase section */
		F743CF132150D94A0020504A /* Frameworks */ = {
			isa = PBXFrameworksBuildPhase;
			buildActionMask = 2147483647;
			files = (
				3C6B4B9266B419D3314C653B /* Pods_TTDemo.framework in Frameworks */,
			);
			runOnlyForDeploymentPostprocessing = 0;
		};
/* End PBXFrameworksBuildPhase section */

/* Begin PBXGroup section */
		7EB0FF43A5491E3C4044CD9A /* Frameworks */ = {
			isa = PBXGroup;
			children = (
				3E082AFE980AF96B9BE280B3 /* Pods_TTDemo.framework */,
			);
			name = Frameworks;
			sourceTree = "<group>";
		};
		DFC322B65F3D3BB843E06A71 /* Pods */ = {
			isa = PBXGroup;
			children = (
				2E9D2703B958B1D5377EF6CE /* Pods-TTDemo.debug.xcconfig */,
				B94D7687D3B2D02231C37B00 /* Pods-TTDemo.release.xcconfig */,
			);
			name = Pods;
			sourceTree = "<group>";
		};
		F743CF0D2150D94A0020504A = {
			isa = PBXGroup;
			children = (
				F743CF182150D94A0020504A /* TTDemo */,
				F743CF172150D94A0020504A /* Products */,
				DFC322B65F3D3BB843E06A71 /* Pods */,
				7EB0FF43A5491E3C4044CD9A /* Frameworks */,
			);
			sourceTree = "<group>";
		};
		F743CF172150D94A0020504A /* Products */ = {
			isa = PBXGroup;
			children = (
				F743CF162150D94A0020504A /* TTDemo.app */,
			);
			name = Products;
			sourceTree = "<group>";
		};
		F743CF182150D94A0020504A /* TTDemo */ = {
			isa = PBXGroup;
			children = (
				F743CF2B2150E5A70020504A /* Classes */,
				F743CF192150D94A0020504A /* AppDelegate.swift */,
				F743CF202150D94B0020504A /* Assets.xcassets */,
				F743CF252150D94B0020504A /* Info.plist */,
			);
			path = TTDemo;
			sourceTree = "<group>";
		};
		F743CF2B2150E5A70020504A /* Classes */ = {
			isa = PBXGroup;
			children = (
				F743CF2C2150E5A70020504A /* Home */,
				F743CF2D2150E5A70020504A /* Video */,
				F743CF322150E5A70020504A /* Weitoutiao */,
				F743CF2E2150E5A70020504A /* Huoshan */,
				F743CF302150E5A70020504A /* Profile */,
				F743CF312150E5A70020504A /* Main */,
				F743CF2F2150E5A70020504A /* Others */,
			);
			path = Classes;
			sourceTree = "<group>";
		};
		F743CF2C2150E5A70020504A /* Home */ = {
			isa = PBXGroup;
			children = (
				F75A15622151EA9300B7B34A /* Model */,
				F75A15602151EA7D00B7B34A /* Controller */,
				F75A155F2151EA7D00B7B34A /* View */,
				F75A15612151EA7D00B7B34A /* ViewModel */,
			);
			path = Home;
			sourceTree = "<group>";
		};
		F743CF2D2150E5A70020504A /* Video */ = {
			isa = PBXGroup;
			children = (
				F75A15662151EA9F00B7B34A /* Controller */,
				F75A15632151EA9E00B7B34A /* Model */,
				F75A15652151EA9E00B7B34A /* View */,
				F75A15642151EA9E00B7B34A /* ViewModel */,
			);
			path = Video;
			sourceTree = "<group>";
		};
		F743CF2E2150E5A70020504A /* Huoshan */ = {
			isa = PBXGroup;
			children = (
				F75A15682151EAA900B7B34A /* Controller */,
				F75A15692151EAA900B7B34A /* Model */,
				F75A15672151EAA900B7B34A /* View */,
				F75A156A2151EAA900B7B34A /* ViewModel */,
			);
			path = Huoshan;
			sourceTree = "<group>";
		};
		F743CF2F2150E5A70020504A /* Others */ = {
			isa = PBXGroup;
			children = (
				F75A159A21536A8B00B7B34A /* Tools */,
				F75A1595215231AE00B7B34A /* Category */,
				F75A158B2151F7C900B7B34A /* Const.swift */,
			);
			path = Others;
			sourceTree = "<group>";
		};
		F743CF302150E5A70020504A /* Profile */ = {
			isa = PBXGroup;
			children = (
				F75A156C2151EAB400B7B34A /* Controller */,
				F75A156D2151EAB400B7B34A /* Model */,
				F75A156E2151EAB400B7B34A /* View */,
				F75A156B2151EAB400B7B34A /* ViewModel */,
			);
			path = Profile;
			sourceTree = "<group>";
		};
		F743CF312150E5A70020504A /* Main */ = {
			isa = PBXGroup;
			children = (
				F75A157C2151EE9400B7B34A /* Controller */,
				F75A157D2151EE9400B7B34A /* Model */,
				F75A157B2151EE9400B7B34A /* View */,
				F75A157E2151EE9500B7B34A /* ViewModel */,
			);
			path = Main;
			sourceTree = "<group>";
		};
		F743CF322150E5A70020504A /* Weitoutiao */ = {
			isa = PBXGroup;
			children = (
				F75A15782151EE8500B7B34A /* Controller */,
				F75A15792151EE8500B7B34A /* Model */,
				F75A15772151EE8500B7B34A /* View */,
				F75A157A2151EE8500B7B34A /* ViewModel */,
			);
			path = Weitoutiao;
			sourceTree = "<group>";
		};
		F75A155F2151EA7D00B7B34A /* View */ = {
			isa = PBXGroup;
			children = (
			);
			path = View;
			sourceTree = "<group>";
		};
		F75A15602151EA7D00B7B34A /* Controller */ = {
			isa = PBXGroup;
			children = (
				F75A157F2151EEBF00B7B34A /* XHHomeViewController.swift */,
			);
			path = Controller;
			sourceTree = "<group>";
		};
		F75A15612151EA7D00B7B34A /* ViewModel */ = {
			isa = PBXGroup;
			children = (
			);
			path = ViewModel;
			sourceTree = "<group>";
		};
		F75A15622151EA9300B7B34A /* Model */ = {
			isa = PBXGroup;
			children = (
			);
			path = Model;
			sourceTree = "<group>";
		};
		F75A15632151EA9E00B7B34A /* Model */ = {
			isa = PBXGroup;
			children = (
			);
			path = Model;
			sourceTree = "<group>";
		};
		F75A15642151EA9E00B7B34A /* ViewModel */ = {
			isa = PBXGroup;
			children = (
			);
			path = ViewModel;
			sourceTree = "<group>";
		};
		F75A15652151EA9E00B7B34A /* View */ = {
			isa = PBXGroup;
			children = (
			);
			path = View;
			sourceTree = "<group>";
		};
		F75A15662151EA9F00B7B34A /* Controller */ = {
			isa = PBXGroup;
			children = (
				F75A15812151EED400B7B34A /* XHVideoViewController.swift */,
			);
			path = Controller;
			sourceTree = "<group>";
		};
		F75A15672151EAA900B7B34A /* View */ = {
			isa = PBXGroup;
			children = (
			);
			path = View;
			sourceTree = "<group>";
		};
		F75A15682151EAA900B7B34A /* Controller */ = {
			isa = PBXGroup;
			children = (
				F75A15852151EF3200B7B34A /* XHHuoshanViewController.swift */,
			);
			path = Controller;
			sourceTree = "<group>";
		};
		F75A15692151EAA900B7B34A /* Model */ = {
			isa = PBXGroup;
			children = (
			);
			path = Model;
			sourceTree = "<group>";
		};
		F75A156A2151EAA900B7B34A /* ViewModel */ = {
			isa = PBXGroup;
			children = (
			);
			path = ViewModel;
			sourceTree = "<group>";
		};
		F75A156B2151EAB400B7B34A /* ViewModel */ = {
			isa = PBXGroup;
			children = (
				F75A159D21536DB600B7B34A /* XHProfileViewModel.swift */,
			);
			path = ViewModel;
			sourceTree = "<group>";
		};
		F75A156C2151EAB400B7B34A /* Controller */ = {
			isa = PBXGroup;
			children = (
				F75A158D2152176700B7B34A /* XHProfileViewController.swift */,
			);
			path = Controller;
			sourceTree = "<group>";
		};
		F75A156D2151EAB400B7B34A /* Model */ = {
			isa = PBXGroup;
			children = (
				F75A15982153663300B7B34A /* XHProfileModel.swift */,
			);
			path = Model;
			sourceTree = "<group>";
		};
		F75A156E2151EAB400B7B34A /* View */ = {
			isa = PBXGroup;
			children = (
				F75A15912152285E00B7B34A /* XHNoLoginHeaderView.swift */,
				F75A15932152286A00B7B34A /* XHNoLoginHeaderView.xib */,
				F75A15BF215490AB00B7B34A /* XHProfileCell.swift */,
				F75A15C0215490AB00B7B34A /* XHProfileCell.xib */,
			);
			path = View;
			sourceTree = "<group>";
		};
		F75A15772151EE8500B7B34A /* View */ = {
			isa = PBXGroup;
			children = (
			);
			path = View;
			sourceTree = "<group>";
		};
		F75A15782151EE8500B7B34A /* Controller */ = {
			isa = PBXGroup;
			children = (
				F75A15832151EF1800B7B34A /* XHWeitoutiaoViewController.swift */,
			);
			path = Controller;
			sourceTree = "<group>";
		};
		F75A15792151EE8500B7B34A /* Model */ = {
			isa = PBXGroup;
			children = (
			);
			path = Model;
			sourceTree = "<group>";
		};
		F75A157A2151EE8500B7B34A /* ViewModel */ = {
			isa = PBXGroup;
			children = (
			);
			path = ViewModel;
			sourceTree = "<group>";
		};
		F75A157B2151EE9400B7B34A /* View */ = {
			isa = PBXGroup;
			children = (
			);
			path = View;
			sourceTree = "<group>";
		};
		F75A157C2151EE9400B7B34A /* Controller */ = {
			isa = PBXGroup;
			children = (
				F75A15872151EFDF00B7B34A /* XHTabBarController.swift */,
				F75A15892151F00B00B7B34A /* XHNavigationController.swift */,
			);
			path = Controller;
			sourceTree = "<group>";
		};
		F75A157D2151EE9400B7B34A /* Model */ = {
			isa = PBXGroup;
			children = (
			);
			path = Model;
			sourceTree = "<group>";
		};
		F75A157E2151EE9500B7B34A /* ViewModel */ = {
			isa = PBXGroup;
			children = (
			);
			path = ViewModel;
			sourceTree = "<group>";
		};
		F75A1595215231AE00B7B34A /* Category */ = {
			isa = PBXGroup;
			children = (
				F75A1596215231F500B7B34A /* UIView+Extension.swift */,
				F75A15C32154952B00B7B34A /* UIColor+Extension.swift */,
			);
			path = Category;
			sourceTree = "<group>";
		};
		F75A159A21536A8B00B7B34A /* Tools */ = {
			isa = PBXGroup;
			children = (
				F75A159B21536B8300B7B34A /* XHNetworkTools.swift */,
			);
			path = Tools;
			sourceTree = "<group>";
		};
/* End PBXGroup section */

/* Begin PBXNativeTarget section */
		F743CF152150D94A0020504A /* TTDemo */ = {
			isa = PBXNativeTarget;
			buildConfigurationList = F743CF282150D94B0020504A /* Build configuration list for PBXNativeTarget "TTDemo" */;
			buildPhases = (
				88AB5A99EC46DCA8CBEF255F /* [CP] Check Pods Manifest.lock */,
				F743CF122150D94A0020504A /* Sources */,
				F743CF132150D94A0020504A /* Frameworks */,
				F743CF142150D94A0020504A /* Resources */,
				8E225F5CFC9FE90D772E8311 /* [CP] Embed Pods Frameworks */,
			);
			buildRules = (
			);
			dependencies = (
			);
			name = TTDemo;
			productName = TTDemo;
			productReference = F743CF162150D94A0020504A /* TTDemo.app */;
			productType = "com.apple.product-type.application";
		};
/* End PBXNativeTarget section */

/* Begin PBXProject section */
		F743CF0E2150D94A0020504A /* Project object */ = {
			isa = PBXProject;
			attributes = {
				CLASSPREFIX = XH;
				LastSwiftUpdateCheck = 0940;
				LastUpgradeCheck = 0940;
				ORGANIZATIONNAME = juxiaohui;
				TargetAttributes = {
					F743CF152150D94A0020504A = {
						CreatedOnToolsVersion = 9.4.1;
					};
				};
			};
			buildConfigurationList = F743CF112150D94A0020504A /* Build configuration list for PBXProject "TTDemo" */;
			compatibilityVersion = "Xcode 9.3";
			developmentRegion = en;
			hasScannedForEncodings = 0;
			knownRegions = (
				en,
				Base,
			);
			mainGroup = F743CF0D2150D94A0020504A;
			productRefGroup = F743CF172150D94A0020504A /* Products */;
			projectDirPath = "";
			projectRoot = "";
			targets = (
				F743CF152150D94A0020504A /* TTDemo */,
			);
		};
/* End PBXProject section */

/* Begin PBXResourcesBuildPhase section */
		F743CF142150D94A0020504A /* Resources */ = {
			isa = PBXResourcesBuildPhase;
			buildActionMask = 2147483647;
			files = (
				F75A15942152286A00B7B34A /* XHNoLoginHeaderView.xib in Resources */,
				F743CF212150D94B0020504A /* Assets.xcassets in Resources */,
				F75A15C2215490AB00B7B34A /* XHProfileCell.xib in Resources */,
			);
			runOnlyForDeploymentPostprocessing = 0;
		};
/* End PBXResourcesBuildPhase section */

/* Begin PBXShellScriptBuildPhase section */
		88AB5A99EC46DCA8CBEF255F /* [CP] Check Pods Manifest.lock */ = {
			isa = PBXShellScriptBuildPhase;
			buildActionMask = 2147483647;
			files = (
			);
			inputPaths = (
				"${PODS_PODFILE_DIR_PATH}/Podfile.lock",
				"${PODS_ROOT}/Manifest.lock",
			);
			name = "[CP] Check Pods Manifest.lock";
			outputPaths = (
				"$(DERIVED_FILE_DIR)/Pods-TTDemo-checkManifestLockResult.txt",
			);
			runOnlyForDeploymentPostprocessing = 0;
			shellPath = /bin/sh;
			shellScript = "diff \"${PODS_PODFILE_DIR_PATH}/Podfile.lock\" \"${PODS_ROOT}/Manifest.lock\" > /dev/null\nif [ $? != 0 ] ; then\n    # print error to STDERR\n    echo \"error: The sandbox is not in sync with the Podfile.lock. Run 'pod install' or update your CocoaPods installation.\" >&2\n    exit 1\nfi\n# This output is used by Xcode 'outputs' to avoid re-running this script phase.\necho \"SUCCESS\" > \"${SCRIPT_OUTPUT_FILE_0}\"\n";
			showEnvVarsInLog = 0;
		};
		8E225F5CFC9FE90D772E8311 /* [CP] Embed Pods Frameworks */ = {
			isa = PBXShellScriptBuildPhase;
			buildActionMask = 2147483647;
			files = (
			);
			inputPaths = (
				"${SRCROOT}/Pods/Target Support Files/Pods-TTDemo/Pods-TTDemo-frameworks.sh",
				"${BUILT_PRODUCTS_DIR}/Alamofire/Alamofire.framework",
				"${BUILT_PRODUCTS_DIR}/BMPlayer/BMPlayer.framework",
				"${BUILT_PRODUCTS_DIR}/FDFullscreenPopGesture/FDFullscreenPopGesture.framework",
				"${BUILT_PRODUCTS_DIR}/Kingfisher/Kingfisher.framework",
				"${BUILT_PRODUCTS_DIR}/MJExtension/MJExtension.framework",
				"${BUILT_PRODUCTS_DIR}/MJRefresh/MJRefresh.framework",
				"${BUILT_PRODUCTS_DIR}/NVActivityIndicatorView/NVActivityIndicatorView.framework",
				"${BUILT_PRODUCTS_DIR}/SGPagingView/SGPagingView.framework",
				"${BUILT_PRODUCTS_DIR}/SVProgressHUD/SVProgressHUD.framework",
				"${BUILT_PRODUCTS_DIR}/SnapKit/SnapKit.framework",
			);
			name = "[CP] Embed Pods Frameworks";
			outputPaths = (
				"${TARGET_BUILD_DIR}/${FRAMEWORKS_FOLDER_PATH}/Alamofire.framework",
				"${TARGET_BUILD_DIR}/${FRAMEWORKS_FOLDER_PATH}/BMPlayer.framework",
				"${TARGET_BUILD_DIR}/${FRAMEWORKS_FOLDER_PATH}/FDFullscreenPopGesture.framework",
				"${TARGET_BUILD_DIR}/${FRAMEWORKS_FOLDER_PATH}/Kingfisher.framework",
				"${TARGET_BUILD_DIR}/${FRAMEWORKS_FOLDER_PATH}/MJExtension.framework",
				"${TARGET_BUILD_DIR}/${FRAMEWORKS_FOLDER_PATH}/MJRefresh.framework",
				"${TARGET_BUILD_DIR}/${FRAMEWORKS_FOLDER_PATH}/NVActivityIndicatorView.framework",
				"${TARGET_BUILD_DIR}/${FRAMEWORKS_FOLDER_PATH}/SGPagingView.framework",
				"${TARGET_BUILD_DIR}/${FRAMEWORKS_FOLDER_PATH}/SVProgressHUD.framework",
				"${TARGET_BUILD_DIR}/${FRAMEWORKS_FOLDER_PATH}/SnapKit.framework",
			);
			runOnlyForDeploymentPostprocessing = 0;
			shellPath = /bin/sh;
			shellScript = "\"${SRCROOT}/Pods/Target Support Files/Pods-TTDemo/Pods-TTDemo-frameworks.sh\"\n";
			showEnvVarsInLog = 0;
		};
/* End PBXShellScriptBuildPhase section */

/* Begin PBXSourcesBuildPhase section */
		F743CF122150D94A0020504A /* Sources */ = {
			isa = PBXSourcesBuildPhase;
			buildActionMask = 2147483647;
			files = (
				F75A15C1215490AB00B7B34A /* XHProfileCell.swift in Sources */,
				F75A1597215231F500B7B34A /* UIView+Extension.swift in Sources */,
				F75A15822151EED400B7B34A /* XHVideoViewController.swift in Sources */,
				F75A15842151EF1800B7B34A /* XHWeitoutiaoViewController.swift in Sources */,
				F75A158A2151F00B00B7B34A /* XHNavigationController.swift in Sources */,
				F75A15882151EFDF00B7B34A /* XHTabBarController.swift in Sources */,
				F75A15922152285E00B7B34A /* XHNoLoginHeaderView.swift in Sources */,
				F75A15C42154952B00B7B34A /* UIColor+Extension.swift in Sources */,
				F75A15802151EEBF00B7B34A /* XHHomeViewController.swift in Sources */,
				F75A159C21536B8300B7B34A /* XHNetworkTools.swift in Sources */,
				F75A158F2152176700B7B34A /* XHProfileViewController.swift in Sources */,
				F743CF1A2150D94A0020504A /* AppDelegate.swift in Sources */,
				F75A15992153663300B7B34A /* XHProfileModel.swift in Sources */,
				F75A15862151EF3200B7B34A /* XHHuoshanViewController.swift in Sources */,
				F75A159E21536DB600B7B34A /* XHProfileViewModel.swift in Sources */,
				F75A158C2151F7C900B7B34A /* Const.swift in Sources */,
			);
			runOnlyForDeploymentPostprocessing = 0;
		};
/* End PBXSourcesBuildPhase section */

/* Begin XCBuildConfiguration section */
		F743CF262150D94B0020504A /* Debug */ = {
			isa = XCBuildConfiguration;
			buildSettings = {
				ALWAYS_SEARCH_USER_PATHS = NO;
				CLANG_ANALYZER_NONNULL = YES;
				CLANG_ANALYZER_NUMBER_OBJECT_CONVERSION = YES_AGGRESSIVE;
				CLANG_CXX_LANGUAGE_STANDARD = "gnu++14";
				CLANG_CXX_LIBRARY = "libc++";
				CLANG_ENABLE_MODULES = YES;
				CLANG_ENABLE_OBJC_ARC = YES;
				CLANG_ENABLE_OBJC_WEAK = YES;
				CLANG_WARN_BLOCK_CAPTURE_AUTORELEASING = YES;
				CLANG_WARN_BOOL_CONVERSION = YES;
				CLANG_WARN_COMMA = YES;
				CLANG_WARN_CONSTANT_CONVERSION = YES;
				CLANG_WARN_DEPRECATED_OBJC_IMPLEMENTATIONS = YES;
				CLANG_WARN_DIRECT_OBJC_ISA_USAGE = YES_ERROR;
				CLANG_WARN_DOCUMENTATION_COMMENTS = YES;
				CLANG_WARN_EMPTY_BODY = YES;
				CLANG_WARN_ENUM_CONVERSION = YES;
				CLANG_WARN_INFINITE_RECURSION = YES;
				CLANG_WARN_INT_CONVERSION = YES;
				CLANG_WARN_NON_LITERAL_NULL_CONVERSION = YES;
				CLANG_WARN_OBJC_IMPLICIT_RETAIN_SELF = YES;
				CLANG_WARN_OBJC_LITERAL_CONVERSION = YES;
				CLANG_WARN_OBJC_ROOT_CLASS = YES_ERROR;
				CLANG_WARN_RANGE_LOOP_ANALYSIS = YES;
				CLANG_WARN_STRICT_PROTOTYPES = YES;
				CLANG_WARN_SUSPICIOUS_MOVE = YES;
				CLANG_WARN_UNGUARDED_AVAILABILITY = YES_AGGRESSIVE;
				CLANG_WARN_UNREACHABLE_CODE = YES;
				CLANG_WARN__DUPLICATE_METHOD_MATCH = YES;
				CODE_SIGN_IDENTITY = "iPhone Developer";
				COPY_PHASE_STRIP = NO;
				DEBUG_INFORMATION_FORMAT = dwarf;
				ENABLE_STRICT_OBJC_MSGSEND = YES;
				ENABLE_TESTABILITY = YES;
				GCC_C_LANGUAGE_STANDARD = gnu11;
				GCC_DYNAMIC_NO_PIC = NO;
				GCC_NO_COMMON_BLOCKS = YES;
				GCC_OPTIMIZATION_LEVEL = 0;
				GCC_PREPROCESSOR_DEFINITIONS = (
					"DEBUG=1",
					"$(inherited)",
				);
				GCC_WARN_64_TO_32_BIT_CONVERSION = YES;
				GCC_WARN_ABOUT_RETURN_TYPE = YES_ERROR;
				GCC_WARN_UNDECLARED_SELECTOR = YES;
				GCC_WARN_UNINITIALIZED_AUTOS = YES_AGGRESSIVE;
				GCC_WARN_UNUSED_FUNCTION = YES;
				GCC_WARN_UNUSED_VARIABLE = YES;
				IPHONEOS_DEPLOYMENT_TARGET = 11.4;
				MTL_ENABLE_DEBUG_INFO = YES;
				ONLY_ACTIVE_ARCH = YES;
				SDKROOT = iphoneos;
				SWIFT_ACTIVE_COMPILATION_CONDITIONS = DEBUG;
				SWIFT_OPTIMIZATION_LEVEL = "-Onone";
			};
			name = Debug;
		};
		F743CF272150D94B0020504A /* Release */ = {
			isa = XCBuildConfiguration;
			buildSettings = {
				ALWAYS_SEARCH_USER_PATHS = NO;
				CLANG_ANALYZER_NONNULL = YES;
				CLANG_ANALYZER_NUMBER_OBJECT_CONVERSION = YES_AGGRESSIVE;
				CLANG_CXX_LANGUAGE_STANDARD = "gnu++14";
				CLANG_CXX_LIBRARY = "libc++";
				CLANG_ENABLE_MODULES = YES;
				CLANG_ENABLE_OBJC_ARC = YES;
				CLANG_ENABLE_OBJC_WEAK = YES;
				CLANG_WARN_BLOCK_CAPTURE_AUTORELEASING = YES;
				CLANG_WARN_BOOL_CONVERSION = YES;
				CLANG_WARN_COMMA = YES;
				CLANG_WARN_CONSTANT_CONVERSION = YES;
				CLANG_WARN_DEPRECATED_OBJC_IMPLEMENTATIONS = YES;
				CLANG_WARN_DIRECT_OBJC_ISA_USAGE = YES_ERROR;
				CLANG_WARN_DOCUMENTATION_COMMENTS = YES;
				CLANG_WARN_EMPTY_BODY = YES;
				CLANG_WARN_ENUM_CONVERSION = YES;
				CLANG_WARN_INFINITE_RECURSION = YES;
				CLANG_WARN_INT_CONVERSION = YES;
				CLANG_WARN_NON_LITERAL_NULL_CONVERSION = YES;
				CLANG_WARN_OBJC_IMPLICIT_RETAIN_SELF = YES;
				CLANG_WARN_OBJC_LITERAL_CONVERSION = YES;
				CLANG_WARN_OBJC_ROOT_CLASS = YES_ERROR;
				CLANG_WARN_RANGE_LOOP_ANALYSIS = YES;
				CLANG_WARN_STRICT_PROTOTYPES = YES;
				CLANG_WARN_SUSPICIOUS_MOVE = YES;
				CLANG_WARN_UNGUARDED_AVAILABILITY = YES_AGGRESSIVE;
				CLANG_WARN_UNREACHABLE_CODE = YES;
				CLANG_WARN__DUPLICATE_METHOD_MATCH = YES;
				CODE_SIGN_IDENTITY = "iPhone Developer";
				COPY_PHASE_STRIP = NO;
				DEBUG_INFORMATION_FORMAT = "dwarf-with-dsym";
				ENABLE_NS_ASSERTIONS = NO;
				ENABLE_STRICT_OBJC_MSGSEND = YES;
				GCC_C_LANGUAGE_STANDARD = gnu11;
				GCC_NO_COMMON_BLOCKS = YES;
				GCC_WARN_64_TO_32_BIT_CONVERSION = YES;
				GCC_WARN_ABOUT_RETURN_TYPE = YES_ERROR;
				GCC_WARN_UNDECLARED_SELECTOR = YES;
				GCC_WARN_UNINITIALIZED_AUTOS = YES_AGGRESSIVE;
				GCC_WARN_UNUSED_FUNCTION = YES;
				GCC_WARN_UNUSED_VARIABLE = YES;
				IPHONEOS_DEPLOYMENT_TARGET = 11.4;
				MTL_ENABLE_DEBUG_INFO = NO;
				SDKROOT = iphoneos;
				SWIFT_COMPILATION_MODE = wholemodule;
				SWIFT_OPTIMIZATION_LEVEL = "-O";
				VALIDATE_PRODUCT = YES;
			};
			name = Release;
		};
		F743CF292150D94B0020504A /* Debug */ = {
			isa = XCBuildConfiguration;
			baseConfigurationReference = 2E9D2703B958B1D5377EF6CE /* Pods-TTDemo.debug.xcconfig */;
			buildSettings = {
				ASSETCATALOG_COMPILER_APPICON_NAME = AppIcon;
				ASSETCATALOG_COMPILER_LAUNCHIMAGE_NAME = LaunchImage;
				CODE_SIGN_STYLE = Automatic;
				DEVELOPMENT_TEAM = A283XVT2UF;
				INFOPLIST_FILE = TTDemo/Info.plist;
				IPHONEOS_DEPLOYMENT_TARGET = 9.0;
				LD_RUNPATH_SEARCH_PATHS = (
					"$(inherited)",
					"@executable_path/Frameworks",
				);
				PRODUCT_BUNDLE_IDENTIFIER = com.juxiaohui.TTDemo;
				PRODUCT_NAME = "$(TARGET_NAME)";
				SWIFT_VERSION = 4.0;
				TARGETED_DEVICE_FAMILY = "1,2";
			};
			name = Debug;
		};
		F743CF2A2150D94B0020504A /* Release */ = {
			isa = XCBuildConfiguration;
			baseConfigurationReference = B94D7687D3B2D02231C37B00 /* Pods-TTDemo.release.xcconfig */;
			buildSettings = {
				ASSETCATALOG_COMPILER_APPICON_NAME = AppIcon;
				ASSETCATALOG_COMPILER_LAUNCHIMAGE_NAME = LaunchImage;
				CODE_SIGN_STYLE = Automatic;
				DEVELOPMENT_TEAM = A283XVT2UF;
				INFOPLIST_FILE = TTDemo/Info.plist;
				IPHONEOS_DEPLOYMENT_TARGET = 9.0;
				LD_RUNPATH_SEARCH_PATHS = (
					"$(inherited)",
					"@executable_path/Frameworks",
				);
				PRODUCT_BUNDLE_IDENTIFIER = com.juxiaohui.TTDemo;
				PRODUCT_NAME = "$(TARGET_NAME)";
				SWIFT_VERSION = 4.0;
				TARGETED_DEVICE_FAMILY = "1,2";
			};
			name = Release;
		};
/* End XCBuildConfiguration section */

/* Begin XCConfigurationList section */
		F743CF112150D94A0020504A /* Build configuration list for PBXProject "TTDemo" */ = {
			isa = XCConfigurationList;
			buildConfigurations = (
				F743CF262150D94B0020504A /* Debug */,
				F743CF272150D94B0020504A /* Release */,
			);
			defaultConfigurationIsVisible = 0;
			defaultConfigurationName = Release;
		};
		F743CF282150D94B0020504A /* Build configuration list for PBXNativeTarget "TTDemo" */ = {
			isa = XCConfigurationList;
			buildConfigurations = (
				F743CF292150D94B0020504A /* Debug */,
				F743CF2A2150D94B0020504A /* Release */,
			);
			defaultConfigurationIsVisible = 0;
			defaultConfigurationName = Release;
		};
/* End XCConfigurationList section */
	};
	rootObject = F743CF0E2150D94A0020504A /* Project object */;
}
